// !$*UTF8*$!
{
	archiveVersion = 1;
	classes = {
	};
	objectVersion = 48;
	objects = {

/* Begin PBXBuildFile section */
		5260F5DD9F372CDF2ADE5931 /* Pods_InstagramFirebase.framework in Frameworks */ = {isa = PBXBuildFile; fileRef = 563F55F387BD8681D4F9A4A6 /* Pods_InstagramFirebase.framework */; };
		C41E99A1210F8D570036FF12 /* Extensions.swift in Sources */ = {isa = PBXBuildFile; fileRef = C41E99A0210F8D570036FF12 /* Extensions.swift */; };
		C41E99A3210F95DA0036FF12 /* GoogleService-Info.plist in Resources */ = {isa = PBXBuildFile; fileRef = C41E99A2210F95D90036FF12 /* GoogleService-Info.plist */; };
		C422E6282114201A0020FA10 /* CameraController.swift in Sources */ = {isa = PBXBuildFile; fileRef = C422E6272114201A0020FA10 /* CameraController.swift */; };
		C47B766D210B10BF003DEDC6 /* AppDelegate.swift in Sources */ = {isa = PBXBuildFile; fileRef = C47B766C210B10BF003DEDC6 /* AppDelegate.swift */; };
		C47B766F210B10BF003DEDC6 /* SignUpController.swift in Sources */ = {isa = PBXBuildFile; fileRef = C47B766E210B10BF003DEDC6 /* SignUpController.swift */; };
		C47B7672210B10BF003DEDC6 /* Main.storyboard in Resources */ = {isa = PBXBuildFile; fileRef = C47B7670210B10BF003DEDC6 /* Main.storyboard */; };
		C47B7674210B10BF003DEDC6 /* Assets.xcassets in Resources */ = {isa = PBXBuildFile; fileRef = C47B7673210B10BF003DEDC6 /* Assets.xcassets */; };
		C47B7677210B10BF003DEDC6 /* LaunchScreen.storyboard in Resources */ = {isa = PBXBuildFile; fileRef = C47B7675210B10BF003DEDC6 /* LaunchScreen.storyboard */; };
		C48EA42E21107B3B0006BC15 /* MainTabBarController.swift in Sources */ = {isa = PBXBuildFile; fileRef = C48EA42D21107B3B0006BC15 /* MainTabBarController.swift */; };
		C48EA43021107BE40006BC15 /* UserProfileController.swift in Sources */ = {isa = PBXBuildFile; fileRef = C48EA42F21107BE40006BC15 /* UserProfileController.swift */; };
		C48EA4332110925D0006BC15 /* UserProfileHeader.swift in Sources */ = {isa = PBXBuildFile; fileRef = C48EA4322110925D0006BC15 /* UserProfileHeader.swift */; };
		C48EA4362110C4EB0006BC15 /* LoginController.swift in Sources */ = {isa = PBXBuildFile; fileRef = C48EA4352110C4EB0006BC15 /* LoginController.swift */; };
		C48EA4392110E2DC0006BC15 /* PhotoSelectorController.swift in Sources */ = {isa = PBXBuildFile; fileRef = C48EA4382110E2DC0006BC15 /* PhotoSelectorController.swift */; };
		C48EA43B2110EFD70006BC15 /* PhotoSelectorCell.swift in Sources */ = {isa = PBXBuildFile; fileRef = C48EA43A2110EFD70006BC15 /* PhotoSelectorCell.swift */; };
		C48EA43D21120A6A0006BC15 /* PhotoSelectorHeader.swift in Sources */ = {isa = PBXBuildFile; fileRef = C48EA43C21120A6A0006BC15 /* PhotoSelectorHeader.swift */; };
		C48EA43F211210D10006BC15 /* SharePhotoController.swift in Sources */ = {isa = PBXBuildFile; fileRef = C48EA43E211210D10006BC15 /* SharePhotoController.swift */; };
		C48EA442211225610006BC15 /* Post.swift in Sources */ = {isa = PBXBuildFile; fileRef = C48EA441211225610006BC15 /* Post.swift */; };
		C48EA4442112273C0006BC15 /* UserProfilePhotoCell.swift in Sources */ = {isa = PBXBuildFile; fileRef = C48EA4432112273C0006BC15 /* UserProfilePhotoCell.swift */; };
		C48EA446211237900006BC15 /* CustomImageView.swift in Sources */ = {isa = PBXBuildFile; fileRef = C48EA445211237900006BC15 /* CustomImageView.swift */; };
		C48EA44921123E150006BC15 /* HomeController.swift in Sources */ = {isa = PBXBuildFile; fileRef = C48EA44821123E150006BC15 /* HomeController.swift */; };
		C48EA44B21123EDB0006BC15 /* HomeCell.swift in Sources */ = {isa = PBXBuildFile; fileRef = C48EA44A21123EDB0006BC15 /* HomeCell.swift */; };
		C4C8904E2119D94B005CB80F /* CustomAnimationPresentor.swift in Sources */ = {isa = PBXBuildFile; fileRef = C4C8904D2119D94B005CB80F /* CustomAnimationPresentor.swift */; };
		C4C890502119DBC6005CB80F /* CustomAnimationDismisser.swift in Sources */ = {isa = PBXBuildFile; fileRef = C4C8904F2119DBC6005CB80F /* CustomAnimationDismisser.swift */; };
		C4C890522119E09F005CB80F /* CommentsController.swift in Sources */ = {isa = PBXBuildFile; fileRef = C4C890512119E09F005CB80F /* CommentsController.swift */; };
		C4C89054211A0954005CB80F /* CommentCell.swift in Sources */ = {isa = PBXBuildFile; fileRef = C4C89053211A0954005CB80F /* CommentCell.swift */; };
		C4C89056211A0C63005CB80F /* Comment.swift in Sources */ = {isa = PBXBuildFile; fileRef = C4C89055211A0C63005CB80F /* Comment.swift */; };
		C4D4770C2118E41B002FF545 /* PreviewPhotoContainerView.swift in Sources */ = {isa = PBXBuildFile; fileRef = C4D4770B2118E41B002FF545 /* PreviewPhotoContainerView.swift */; };
		C4FEEFFB21135FFB00BFA2E3 /* User.swift in Sources */ = {isa = PBXBuildFile; fileRef = C4FEEFFA21135FFB00BFA2E3 /* User.swift */; };
		C4FEEFFD211364DD00BFA2E3 /* FirebaseUtils.swift in Sources */ = {isa = PBXBuildFile; fileRef = C4FEEFFC211364DD00BFA2E3 /* FirebaseUtils.swift */; };
		C4FEF0012113743B00BFA2E3 /* UserSearchController.swift in Sources */ = {isa = PBXBuildFile; fileRef = C4FEF0002113743B00BFA2E3 /* UserSearchController.swift */; };
		C4FEF0032113784700BFA2E3 /* UserSearchCell.swift in Sources */ = {isa = PBXBuildFile; fileRef = C4FEF0022113784700BFA2E3 /* UserSearchCell.swift */; };
/* End PBXBuildFile section */

/* Begin PBXFileReference section */
		48A38AC3B63E5DF57CBDA52A /* Pods-InstagramFirebase.release.xcconfig */ = {isa = PBXFileReference; includeInIndex = 1; lastKnownFileType = text.xcconfig; name = "Pods-InstagramFirebase.release.xcconfig"; path = "Pods/Target Support Files/Pods-InstagramFirebase/Pods-InstagramFirebase.release.xcconfig"; sourceTree = "<group>"; };
		563F55F387BD8681D4F9A4A6 /* Pods_InstagramFirebase.framework */ = {isa = PBXFileReference; explicitFileType = wrapper.framework; includeInIndex = 0; path = Pods_InstagramFirebase.framework; sourceTree = BUILT_PRODUCTS_DIR; };
		7F8F488994EF19B877F4BB40 /* Pods-InstagramFirebase.debug.xcconfig */ = {isa = PBXFileReference; includeInIndex = 1; lastKnownFileType = text.xcconfig; name = "Pods-InstagramFirebase.debug.xcconfig"; path = "Pods/Target Support Files/Pods-InstagramFirebase/Pods-InstagramFirebase.debug.xcconfig"; sourceTree = "<group>"; };
		C41E99A0210F8D570036FF12 /* Extensions.swift */ = {isa = PBXFileReference; lastKnownFileType = sourcecode.swift; path = Extensions.swift; sourceTree = "<group>"; };
		C41E99A2210F95D90036FF12 /* GoogleService-Info.plist */ = {isa = PBXFileReference; fileEncoding = 4; lastKnownFileType = text.plist.xml; path = "GoogleService-Info.plist"; sourceTree = "<group>"; };
		C422E6272114201A0020FA10 /* CameraController.swift */ = {isa = PBXFileReference; lastKnownFileType = sourcecode.swift; path = CameraController.swift; sourceTree = "<group>"; };
		C47B7669210B10BF003DEDC6 /* InstagramFirebase.app */ = {isa = PBXFileReference; explicitFileType = wrapper.application; includeInIndex = 0; path = InstagramFirebase.app; sourceTree = BUILT_PRODUCTS_DIR; };
		C47B766C210B10BF003DEDC6 /* AppDelegate.swift */ = {isa = PBXFileReference; lastKnownFileType = sourcecode.swift; path = AppDelegate.swift; sourceTree = "<group>"; };
		C47B766E210B10BF003DEDC6 /* SignUpController.swift */ = {isa = PBXFileReference; lastKnownFileType = sourcecode.swift; path = SignUpController.swift; sourceTree = "<group>"; };
		C47B7671210B10BF003DEDC6 /* Base */ = {isa = PBXFileReference; lastKnownFileType = file.storyboard; name = Base; path = Base.lproj/Main.storyboard; sourceTree = "<group>"; };
		C47B7673210B10BF003DEDC6 /* Assets.xcassets */ = {isa = PBXFileReference; lastKnownFileType = folder.assetcatalog; path = Assets.xcassets; sourceTree = "<group>"; };
		C47B7676210B10BF003DEDC6 /* Base */ = {isa = PBXFileReference; lastKnownFileType = file.storyboard; name = Base; path = Base.lproj/LaunchScreen.storyboard; sourceTree = "<group>"; };
		C47B7678210B10BF003DEDC6 /* Info.plist */ = {isa = PBXFileReference; lastKnownFileType = text.plist.xml; path = Info.plist; sourceTree = "<group>"; };
		C48EA42D21107B3B0006BC15 /* MainTabBarController.swift */ = {isa = PBXFileReference; lastKnownFileType = sourcecode.swift; path = MainTabBarController.swift; sourceTree = "<group>"; };
		C48EA42F21107BE40006BC15 /* UserProfileController.swift */ = {isa = PBXFileReference; lastKnownFileType = sourcecode.swift; path = UserProfileController.swift; sourceTree = "<group>"; };
		C48EA4322110925D0006BC15 /* UserProfileHeader.swift */ = {isa = PBXFileReference; lastKnownFileType = sourcecode.swift; path = UserProfileHeader.swift; sourceTree = "<group>"; };
		C48EA4352110C4EB0006BC15 /* LoginController.swift */ = {isa = PBXFileReference; lastKnownFileType = sourcecode.swift; path = LoginController.swift; sourceTree = "<group>"; };
		C48EA4382110E2DC0006BC15 /* PhotoSelectorController.swift */ = {isa = PBXFileReference; lastKnownFileType = sourcecode.swift; path = PhotoSelectorController.swift; sourceTree = "<group>"; };
		C48EA43A2110EFD70006BC15 /* PhotoSelectorCell.swift */ = {isa = PBXFileReference; lastKnownFileType = sourcecode.swift; path = PhotoSelectorCell.swift; sourceTree = "<group>"; };
		C48EA43C21120A6A0006BC15 /* PhotoSelectorHeader.swift */ = {isa = PBXFileReference; lastKnownFileType = sourcecode.swift; path = PhotoSelectorHeader.swift; sourceTree = "<group>"; };
		C48EA43E211210D10006BC15 /* SharePhotoController.swift */ = {isa = PBXFileReference; lastKnownFileType = sourcecode.swift; path = SharePhotoController.swift; sourceTree = "<group>"; };
		C48EA441211225610006BC15 /* Post.swift */ = {isa = PBXFileReference; lastKnownFileType = sourcecode.swift; path = Post.swift; sourceTree = "<group>"; };
		C48EA4432112273C0006BC15 /* UserProfilePhotoCell.swift */ = {isa = PBXFileReference; lastKnownFileType = sourcecode.swift; path = UserProfilePhotoCell.swift; sourceTree = "<group>"; };
		C48EA445211237900006BC15 /* CustomImageView.swift */ = {isa = PBXFileReference; lastKnownFileType = sourcecode.swift; path = CustomImageView.swift; sourceTree = "<group>"; };
		C48EA44821123E150006BC15 /* HomeController.swift */ = {isa = PBXFileReference; lastKnownFileType = sourcecode.swift; path = HomeController.swift; sourceTree = "<group>"; };
		C48EA44A21123EDB0006BC15 /* HomeCell.swift */ = {isa = PBXFileReference; lastKnownFileType = sourcecode.swift; path = HomeCell.swift; sourceTree = "<group>"; };
		C4C8904D2119D94B005CB80F /* CustomAnimationPresentor.swift */ = {isa = PBXFileReference; lastKnownFileType = sourcecode.swift; path = CustomAnimationPresentor.swift; sourceTree = "<group>"; };
		C4C8904F2119DBC6005CB80F /* CustomAnimationDismisser.swift */ = {isa = PBXFileReference; lastKnownFileType = sourcecode.swift; path = CustomAnimationDismisser.swift; sourceTree = "<group>"; };
		C4C890512119E09F005CB80F /* CommentsController.swift */ = {isa = PBXFileReference; lastKnownFileType = sourcecode.swift; path = CommentsController.swift; sourceTree = "<group>"; };
		C4C89053211A0954005CB80F /* CommentCell.swift */ = {isa = PBXFileReference; lastKnownFileType = sourcecode.swift; path = CommentCell.swift; sourceTree = "<group>"; };
		C4C89055211A0C63005CB80F /* Comment.swift */ = {isa = PBXFileReference; lastKnownFileType = sourcecode.swift; path = Comment.swift; sourceTree = "<group>"; };
		C4D4770B2118E41B002FF545 /* PreviewPhotoContainerView.swift */ = {isa = PBXFileReference; lastKnownFileType = sourcecode.swift; path = PreviewPhotoContainerView.swift; sourceTree = "<group>"; };
		C4FEEFFA21135FFB00BFA2E3 /* User.swift */ = {isa = PBXFileReference; lastKnownFileType = sourcecode.swift; path = User.swift; sourceTree = "<group>"; };
		C4FEEFFC211364DD00BFA2E3 /* FirebaseUtils.swift */ = {isa = PBXFileReference; lastKnownFileType = sourcecode.swift; path = FirebaseUtils.swift; sourceTree = "<group>"; };
		C4FEF0002113743B00BFA2E3 /* UserSearchController.swift */ = {isa = PBXFileReference; lastKnownFileType = sourcecode.swift; path = UserSearchController.swift; sourceTree = "<group>"; };
		C4FEF0022113784700BFA2E3 /* UserSearchCell.swift */ = {isa = PBXFileReference; lastKnownFileType = sourcecode.swift; path = UserSearchCell.swift; sourceTree = "<group>"; };
/* End PBXFileReference section */

/* Begin PBXFrameworksBuildPhase section */
		C47B7666210B10BF003DEDC6 /* Frameworks */ = {
			isa = PBXFrameworksBuildPhase;
			buildActionMask = 2147483647;
			files = (
				5260F5DD9F372CDF2ADE5931 /* Pods_InstagramFirebase.framework in Frameworks */,
			);
			runOnlyForDeploymentPostprocessing = 0;
		};
/* End PBXFrameworksBuildPhase section */

/* Begin PBXGroup section */
		9F46C41FF9C885080CCEF5DB /* Frameworks */ = {
			isa = PBXGroup;
			children = (
				563F55F387BD8681D4F9A4A6 /* Pods_InstagramFirebase.framework */,
			);
			name = Frameworks;
			sourceTree = "<group>";
		};
		C41E999F210F8D430036FF12 /* Utils */ = {
			isa = PBXGroup;
			children = (
				C41E99A0210F8D570036FF12 /* Extensions.swift */,
				C48EA445211237900006BC15 /* CustomImageView.swift */,
				C4FEEFFC211364DD00BFA2E3 /* FirebaseUtils.swift */,
			);
			path = Utils;
			sourceTree = "<group>";
		};
		C422E6262114200F0020FA10 /* Camera */ = {
			isa = PBXGroup;
			children = (
				C422E6272114201A0020FA10 /* CameraController.swift */,
				C4D4770B2118E41B002FF545 /* PreviewPhotoContainerView.swift */,
				C4C8904D2119D94B005CB80F /* CustomAnimationPresentor.swift */,
				C4C8904F2119DBC6005CB80F /* CustomAnimationDismisser.swift */,
			);
			path = Camera;
			sourceTree = "<group>";
		};
		C47B7660210B10BF003DEDC6 = {
			isa = PBXGroup;
			children = (
				C47B766B210B10BF003DEDC6 /* InstagramFirebase */,
				C47B766A210B10BF003DEDC6 /* Products */,
				D01ACDAF3EAA7A18BE2A2C83 /* Pods */,
				9F46C41FF9C885080CCEF5DB /* Frameworks */,
			);
			sourceTree = "<group>";
		};
		C47B766A210B10BF003DEDC6 /* Products */ = {
			isa = PBXGroup;
			children = (
				C47B7669210B10BF003DEDC6 /* InstagramFirebase.app */,
			);
			name = Products;
			sourceTree = "<group>";
		};
		C47B766B210B10BF003DEDC6 /* InstagramFirebase */ = {
			isa = PBXGroup;
			children = (
				C422E6262114200F0020FA10 /* Camera */,
				C4FEEFFF211373F100BFA2E3 /* Search */,
				C48EA44721123E0B0006BC15 /* Home */,
				C48EA440211225550006BC15 /* Models */,
				C48EA4372110E2C50006BC15 /* AddPhoto */,
				C48EA4342110C4E20006BC15 /* Login */,
				C48EA4312110924E0006BC15 /* UserProfile */,
				C41E999F210F8D430036FF12 /* Utils */,
				C47B766C210B10BF003DEDC6 /* AppDelegate.swift */,
				C48EA42D21107B3B0006BC15 /* MainTabBarController.swift */,
				C47B7670210B10BF003DEDC6 /* Main.storyboard */,
				C47B7673210B10BF003DEDC6 /* Assets.xcassets */,
				C47B7675210B10BF003DEDC6 /* LaunchScreen.storyboard */,
				C47B7678210B10BF003DEDC6 /* Info.plist */,
				C41E99A2210F95D90036FF12 /* GoogleService-Info.plist */,
			);
			path = InstagramFirebase;
			sourceTree = "<group>";
		};
		C48EA4312110924E0006BC15 /* UserProfile */ = {
			isa = PBXGroup;
			children = (
				C48EA42F21107BE40006BC15 /* UserProfileController.swift */,
				C48EA4322110925D0006BC15 /* UserProfileHeader.swift */,
				C48EA4432112273C0006BC15 /* UserProfilePhotoCell.swift */,
			);
			path = UserProfile;
			sourceTree = "<group>";
		};
		C48EA4342110C4E20006BC15 /* Login */ = {
			isa = PBXGroup;
			children = (
				C48EA4352110C4EB0006BC15 /* LoginController.swift */,
				C47B766E210B10BF003DEDC6 /* SignUpController.swift */,
			);
			path = Login;
			sourceTree = "<group>";
		};
		C48EA4372110E2C50006BC15 /* AddPhoto */ = {
			isa = PBXGroup;
			children = (
				C48EA4382110E2DC0006BC15 /* PhotoSelectorController.swift */,
				C48EA43A2110EFD70006BC15 /* PhotoSelectorCell.swift */,
				C48EA43C21120A6A0006BC15 /* PhotoSelectorHeader.swift */,
				C48EA43E211210D10006BC15 /* SharePhotoController.swift */,
			);
			path = AddPhoto;
			sourceTree = "<group>";
		};
		C48EA440211225550006BC15 /* Models */ = {
			isa = PBXGroup;
			children = (
				C48EA441211225610006BC15 /* Post.swift */,
				C4FEEFFA21135FFB00BFA2E3 /* User.swift */,
				C4C89055211A0C63005CB80F /* Comment.swift */,
			);
			path = Models;
			sourceTree = "<group>";
		};
		C48EA44721123E0B0006BC15 /* Home */ = {
			isa = PBXGroup;
			children = (
				C48EA44821123E150006BC15 /* HomeController.swift */,
				C48EA44A21123EDB0006BC15 /* HomeCell.swift */,
				C4C890512119E09F005CB80F /* CommentsController.swift */,
				C4C89053211A0954005CB80F /* CommentCell.swift */,
			);
			path = Home;
			sourceTree = "<group>";
		};
		C4FEEFFF211373F100BFA2E3 /* Search */ = {
			isa = PBXGroup;
			children = (
				C4FEF0002113743B00BFA2E3 /* UserSearchController.swift */,
				C4FEF0022113784700BFA2E3 /* UserSearchCell.swift */,
			);
			path = Search;
			sourceTree = "<group>";
		};
		D01ACDAF3EAA7A18BE2A2C83 /* Pods */ = {
			isa = PBXGroup;
			children = (
				7F8F488994EF19B877F4BB40 /* Pods-InstagramFirebase.debug.xcconfig */,
				48A38AC3B63E5DF57CBDA52A /* Pods-InstagramFirebase.release.xcconfig */,
			);
			name = Pods;
			sourceTree = "<group>";
		};
/* End PBXGroup section */

/* Begin PBXNativeTarget section */
		C47B7668210B10BF003DEDC6 /* InstagramFirebase */ = {
			isa = PBXNativeTarget;
			buildConfigurationList = C47B767B210B10BF003DEDC6 /* Build configuration list for PBXNativeTarget "InstagramFirebase" */;
			buildPhases = (
				C3E499D9FFBE8BD42185C20D /* [CP] Check Pods Manifest.lock */,
				C47B7665210B10BF003DEDC6 /* Sources */,
				C47B7666210B10BF003DEDC6 /* Frameworks */,
				C47B7667210B10BF003DEDC6 /* Resources */,
				6A11E5861C858CEE142467B5 /* [CP] Embed Pods Frameworks */,
				6446773CB5AC62DF4DC2994E /* [CP] Copy Pods Resources */,
			);
			buildRules = (
			);
			dependencies = (
			);
			name = InstagramFirebase;
			productName = InstagramFirebase;
			productReference = C47B7669210B10BF003DEDC6 /* InstagramFirebase.app */;
			productType = "com.apple.product-type.application";
		};
/* End PBXNativeTarget section */

/* Begin PBXProject section */
		C47B7661210B10BF003DEDC6 /* Project object */ = {
			isa = PBXProject;
			attributes = {
				LastSwiftUpdateCheck = 0920;
				LastUpgradeCheck = 0920;
				ORGANIZATIONNAME = "Lasse Silkoset";
				TargetAttributes = {
					C47B7668210B10BF003DEDC6 = {
						CreatedOnToolsVersion = 9.2;
						ProvisioningStyle = Automatic;
					};
				};
			};
			buildConfigurationList = C47B7664210B10BF003DEDC6 /* Build configuration list for PBXProject "InstagramFirebase" */;
			compatibilityVersion = "Xcode 8.0";
			developmentRegion = en;
			hasScannedForEncodings = 0;
			knownRegions = (
				en,
				Base,
			);
			mainGroup = C47B7660210B10BF003DEDC6;
			productRefGroup = C47B766A210B10BF003DEDC6 /* Products */;
			projectDirPath = "";
			projectRoot = "";
			targets = (
				C47B7668210B10BF003DEDC6 /* InstagramFirebase */,
			);
		};
/* End PBXProject section */

/* Begin PBXResourcesBuildPhase section */
		C47B7667210B10BF003DEDC6 /* Resources */ = {
			isa = PBXResourcesBuildPhase;
			buildActionMask = 2147483647;
			files = (
				C47B7677210B10BF003DEDC6 /* LaunchScreen.storyboard in Resources */,
				C47B7674210B10BF003DEDC6 /* Assets.xcassets in Resources */,
				C41E99A3210F95DA0036FF12 /* GoogleService-Info.plist in Resources */,
				C47B7672210B10BF003DEDC6 /* Main.storyboard in Resources */,
			);
			runOnlyForDeploymentPostprocessing = 0;
		};
/* End PBXResourcesBuildPhase section */

/* Begin PBXShellScriptBuildPhase section */
		6446773CB5AC62DF4DC2994E /* [CP] Copy Pods Resources */ = {
			isa = PBXShellScriptBuildPhase;
			buildActionMask = 2147483647;
			files = (
			);
			inputPaths = (
			);
			name = "[CP] Copy Pods Resources";
			outputPaths = (
			);
			runOnlyForDeploymentPostprocessing = 0;
			shellPath = /bin/sh;
			shellScript = "\"${SRCROOT}/Pods/Target Support Files/Pods-InstagramFirebase/Pods-InstagramFirebase-resources.sh\"\n";
			showEnvVarsInLog = 0;
		};
		6A11E5861C858CEE142467B5 /* [CP] Embed Pods Frameworks */ = {
			isa = PBXShellScriptBuildPhase;
			buildActionMask = 2147483647;
			files = (
			);
			inputPaths = (
				"${SRCROOT}/Pods/Target Support Files/Pods-InstagramFirebase/Pods-InstagramFirebase-frameworks.sh",
				"${BUILT_PRODUCTS_DIR}/GTMSessionFetcher/GTMSessionFetcher.framework",
				"${BUILT_PRODUCTS_DIR}/GoogleToolboxForMac/GoogleToolboxForMac.framework",
				"${BUILT_PRODUCTS_DIR}/leveldb-library/leveldb.framework",
				"${BUILT_PRODUCTS_DIR}/nanopb/nanopb.framework",
			);
			name = "[CP] Embed Pods Frameworks";
			outputPaths = (
				"${TARGET_BUILD_DIR}/${FRAMEWORKS_FOLDER_PATH}/GTMSessionFetcher.framework",
				"${TARGET_BUILD_DIR}/${FRAMEWORKS_FOLDER_PATH}/GoogleToolboxForMac.framework",
				"${TARGET_BUILD_DIR}/${FRAMEWORKS_FOLDER_PATH}/leveldb.framework",
				"${TARGET_BUILD_DIR}/${FRAMEWORKS_FOLDER_PATH}/nanopb.framework",
			);
			runOnlyForDeploymentPostprocessing = 0;
			shellPath = /bin/sh;
			shellScript = "\"${SRCROOT}/Pods/Target Support Files/Pods-InstagramFirebase/Pods-InstagramFirebase-frameworks.sh\"\n";
			showEnvVarsInLog = 0;
		};
		C3E499D9FFBE8BD42185C20D /* [CP] Check Pods Manifest.lock */ = {
			isa = PBXShellScriptBuildPhase;
			buildActionMask = 2147483647;
			files = (
			);
			inputPaths = (
				"${PODS_PODFILE_DIR_PATH}/Podfile.lock",
				"${PODS_ROOT}/Manifest.lock",
			);
			name = "[CP] Check Pods Manifest.lock";
			outputPaths = (
				"$(DERIVED_FILE_DIR)/Pods-InstagramFirebase-checkManifestLockResult.txt",
			);
			runOnlyForDeploymentPostprocessing = 0;
			shellPath = /bin/sh;
			shellScript = "diff \"${PODS_PODFILE_DIR_PATH}/Podfile.lock\" \"${PODS_ROOT}/Manifest.lock\" > /dev/null\nif [ $? != 0 ] ; then\n    # print error to STDERR\n    echo \"error: The sandbox is not in sync with the Podfile.lock. Run 'pod install' or update your CocoaPods installation.\" >&2\n    exit 1\nfi\n# This output is used by Xcode 'outputs' to avoid re-running this script phase.\necho \"SUCCESS\" > \"${SCRIPT_OUTPUT_FILE_0}\"\n";
			showEnvVarsInLog = 0;
		};
/* End PBXShellScriptBuildPhase section */

/* Begin PBXSourcesBuildPhase section */
		C47B7665210B10BF003DEDC6 /* Sources */ = {
			isa = PBXSourcesBuildPhase;
			buildActionMask = 2147483647;
			files = (
				C4FEF0032113784700BFA2E3 /* UserSearchCell.swift in Sources */,
				C4FEEFFD211364DD00BFA2E3 /* FirebaseUtils.swift in Sources */,
				C48EA43F211210D10006BC15 /* SharePhotoController.swift in Sources */,
				C47B766F210B10BF003DEDC6 /* SignUpController.swift in Sources */,
				C48EA44B21123EDB0006BC15 /* HomeCell.swift in Sources */,
				C48EA43B2110EFD70006BC15 /* PhotoSelectorCell.swift in Sources */,
				C48EA446211237900006BC15 /* CustomImageView.swift in Sources */,
				C4FEF0012113743B00BFA2E3 /* UserSearchController.swift in Sources */,
				C48EA442211225610006BC15 /* Post.swift in Sources */,
				C4C8904E2119D94B005CB80F /* CustomAnimationPresentor.swift in Sources */,
				C422E6282114201A0020FA10 /* CameraController.swift in Sources */,
				C41E99A1210F8D570036FF12 /* Extensions.swift in Sources */,
				C4FEEFFB21135FFB00BFA2E3 /* User.swift in Sources */,
				C4C89054211A0954005CB80F /* CommentCell.swift in Sources */,
				C48EA4442112273C0006BC15 /* UserProfilePhotoCell.swift in Sources */,
				C48EA42E21107B3B0006BC15 /* MainTabBarController.swift in Sources */,
				C4C890502119DBC6005CB80F /* CustomAnimationDismisser.swift in Sources */,
				C48EA4332110925D0006BC15 /* UserProfileHeader.swift in Sources */,
				C48EA43021107BE40006BC15 /* UserProfileController.swift in Sources */,
				C4D4770C2118E41B002FF545 /* PreviewPhotoContainerView.swift in Sources */,
				C47B766D210B10BF003DEDC6 /* AppDelegate.swift in Sources */,
				C48EA4362110C4EB0006BC15 /* LoginController.swift in Sources */,
				C48EA43D21120A6A0006BC15 /* PhotoSelectorHeader.swift in Sources */,
				C4C890522119E09F005CB80F /* CommentsController.swift in Sources */,
				C48EA4392110E2DC0006BC15 /* PhotoSelectorController.swift in Sources */,
				C4C89056211A0C63005CB80F /* Comment.swift in Sources */,
				C48EA44921123E150006BC15 /* HomeController.swift in Sources */,
			);
			runOnlyForDeploymentPostprocessing = 0;
		};
/* End PBXSourcesBuildPhase section */

/* Begin PBXVariantGroup section */
		C47B7670210B10BF003DEDC6 /* Main.storyboard */ = {
			isa = PBXVariantGroup;
			children = (
				C47B7671210B10BF003DEDC6 /* Base */,
			);
			name = Main.storyboard;
			sourceTree = "<group>";
		};
		C47B7675210B10BF003DEDC6 /* LaunchScreen.storyboard */ = {
			isa = PBXVariantGroup;
			children = (
				C47B7676210B10BF003DEDC6 /* Base */,
			);
			name = LaunchScreen.storyboard;
			sourceTree = "<group>";
		};
/* End PBXVariantGroup section */

/* Begin XCBuildConfiguration section */
		C47B7679210B10BF003DEDC6 /* Debug */ = {
			isa = XCBuildConfiguration;
			buildSettings = {
				ALWAYS_SEARCH_USER_PATHS = NO;
				CLANG_ANALYZER_NONNULL = YES;
				CLANG_ANALYZER_NUMBER_OBJECT_CONVERSION = YES_AGGRESSIVE;
				CLANG_CXX_LANGUAGE_STANDARD = "gnu++14";
				CLANG_CXX_LIBRARY = "libc++";
				CLANG_ENABLE_MODULES = YES;
				CLANG_ENABLE_OBJC_ARC = YES;
				CLANG_WARN_BLOCK_CAPTURE_AUTORELEASING = YES;
				CLANG_WARN_BOOL_CONVERSION = YES;
				CLANG_WARN_COMMA = YES;
				CLANG_WARN_CONSTANT_CONVERSION = YES;
				CLANG_WARN_DIRECT_OBJC_ISA_USAGE = YES_ERROR;
				CLANG_WARN_DOCUMENTATION_COMMENTS = YES;
				CLANG_WARN_EMPTY_BODY = YES;
				CLANG_WARN_ENUM_CONVERSION = YES;
				CLANG_WARN_INFINITE_RECURSION = YES;
				CLANG_WARN_INT_CONVERSION = YES;
				CLANG_WARN_NON_LITERAL_NULL_CONVERSION = YES;
				CLANG_WARN_OBJC_LITERAL_CONVERSION = YES;
				CLANG_WARN_OBJC_ROOT_CLASS = YES_ERROR;
				CLANG_WARN_RANGE_LOOP_ANALYSIS = YES;
				CLANG_WARN_STRICT_PROTOTYPES = YES;
				CLANG_WARN_SUSPICIOUS_MOVE = YES;
				CLANG_WARN_UNGUARDED_AVAILABILITY = YES_AGGRESSIVE;
				CLANG_WARN_UNREACHABLE_CODE = YES;
				CLANG_WARN__DUPLICATE_METHOD_MATCH = YES;
				CODE_SIGN_IDENTITY = "iPhone Developer";
				COPY_PHASE_STRIP = NO;
				DEBUG_INFORMATION_FORMAT = dwarf;
				ENABLE_STRICT_OBJC_MSGSEND = YES;
				ENABLE_TESTABILITY = YES;
				GCC_C_LANGUAGE_STANDARD = gnu11;
				GCC_DYNAMIC_NO_PIC = NO;
				GCC_NO_COMMON_BLOCKS = YES;
				GCC_OPTIMIZATION_LEVEL = 0;
				GCC_PREPROCESSOR_DEFINITIONS = (
					"DEBUG=1",
					"$(inherited)",
				);
				GCC_WARN_64_TO_32_BIT_CONVERSION = YES;
				GCC_WARN_ABOUT_RETURN_TYPE = YES_ERROR;
				GCC_WARN_UNDECLARED_SELECTOR = YES;
				GCC_WARN_UNINITIALIZED_AUTOS = YES_AGGRESSIVE;
				GCC_WARN_UNUSED_FUNCTION = YES;
				GCC_WARN_UNUSED_VARIABLE = YES;
				IPHONEOS_DEPLOYMENT_TARGET = 11.2;
				MTL_ENABLE_DEBUG_INFO = YES;
				ONLY_ACTIVE_ARCH = YES;
				SDKROOT = iphoneos;
				SWIFT_ACTIVE_COMPILATION_CONDITIONS = DEBUG;
				SWIFT_OPTIMIZATION_LEVEL = "-Onone";
			};
			name = Debug;
		};
		C47B767A210B10BF003DEDC6 /* Release */ = {
			isa = XCBuildConfiguration;
			buildSettings = {
				ALWAYS_SEARCH_USER_PATHS = NO;
				CLANG_ANALYZER_NONNULL = YES;
				CLANG_ANALYZER_NUMBER_OBJECT_CONVERSION = YES_AGGRESSIVE;
				CLANG_CXX_LANGUAGE_STANDARD = "gnu++14";
				CLANG_CXX_LIBRARY = "libc++";
				CLANG_ENABLE_MODULES = YES;
				CLANG_ENABLE_OBJC_ARC = YES;
				CLANG_WARN_BLOCK_CAPTURE_AUTORELEASING = YES;
				CLANG_WARN_BOOL_CONVERSION = YES;
				CLANG_WARN_COMMA = YES;
				CLANG_WARN_CONSTANT_CONVERSION = YES;
				CLANG_WARN_DIRECT_OBJC_ISA_USAGE = YES_ERROR;
				CLANG_WARN_DOCUMENTATION_COMMENTS = YES;
				CLANG_WARN_EMPTY_BODY = YES;
				CLANG_WARN_ENUM_CONVERSION = YES;
				CLANG_WARN_INFINITE_RECURSION = YES;
				CLANG_WARN_INT_CONVERSION = YES;
				CLANG_WARN_NON_LITERAL_NULL_CONVERSION = YES;
				CLANG_WARN_OBJC_LITERAL_CONVERSION = YES;
				CLANG_WARN_OBJC_ROOT_CLASS = YES_ERROR;
				CLANG_WARN_RANGE_LOOP_ANALYSIS = YES;
				CLANG_WARN_STRICT_PROTOTYPES = YES;
				CLANG_WARN_SUSPICIOUS_MOVE = YES;
				CLANG_WARN_UNGUARDED_AVAILABILITY = YES_AGGRESSIVE;
				CLANG_WARN_UNREACHABLE_CODE = YES;
				CLANG_WARN__DUPLICATE_METHOD_MATCH = YES;
				CODE_SIGN_IDENTITY = "iPhone Developer";
				COPY_PHASE_STRIP = NO;
				DEBUG_INFORMATION_FORMAT = "dwarf-with-dsym";
				ENABLE_NS_ASSERTIONS = NO;
				ENABLE_STRICT_OBJC_MSGSEND = YES;
				GCC_C_LANGUAGE_STANDARD = gnu11;
				GCC_NO_COMMON_BLOCKS = YES;
				GCC_WARN_64_TO_32_BIT_CONVERSION = YES;
				GCC_WARN_ABOUT_RETURN_TYPE = YES_ERROR;
				GCC_WARN_UNDECLARED_SELECTOR = YES;
				GCC_WARN_UNINITIALIZED_AUTOS = YES_AGGRESSIVE;
				GCC_WARN_UNUSED_FUNCTION = YES;
				GCC_WARN_UNUSED_VARIABLE = YES;
				IPHONEOS_DEPLOYMENT_TARGET = 11.2;
				MTL_ENABLE_DEBUG_INFO = NO;
				SDKROOT = iphoneos;
				SWIFT_OPTIMIZATION_LEVEL = "-Owholemodule";
				VALIDATE_PRODUCT = YES;
			};
			name = Release;
		};
		C47B767C210B10BF003DEDC6 /* Debug */ = {
			isa = XCBuildConfiguration;
			baseConfigurationReference = 7F8F488994EF19B877F4BB40 /* Pods-InstagramFirebase.debug.xcconfig */;
			buildSettings = {
				ASSETCATALOG_COMPILER_APPICON_NAME = AppIcon;
				CODE_SIGN_STYLE = Automatic;
				DEVELOPMENT_TEAM = 6PPL8837AU;
				INFOPLIST_FILE = InstagramFirebase/Info.plist;
				LD_RUNPATH_SEARCH_PATHS = "$(inherited) @executable_path/Frameworks";
				PRODUCT_BUNDLE_IDENTIFIER = com.lassesilkoset.InstagramFirebase;
				PRODUCT_NAME = "$(TARGET_NAME)";
				SWIFT_VERSION = 4.0;
				TARGETED_DEVICE_FAMILY = "1,2";
			};
			name = Debug;
		};
		C47B767D210B10BF003DEDC6 /* Release */ = {
			isa = XCBuildConfiguration;
			baseConfigurationReference = 48A38AC3B63E5DF57CBDA52A /* Pods-InstagramFirebase.release.xcconfig */;
			buildSettings = {
				ASSETCATALOG_COMPILER_APPICON_NAME = AppIcon;
				CODE_SIGN_STYLE = Automatic;
				DEVELOPMENT_TEAM = 6PPL8837AU;
				INFOPLIST_FILE = InstagramFirebase/Info.plist;
				LD_RUNPATH_SEARCH_PATHS = "$(inherited) @executable_path/Frameworks";
				PRODUCT_BUNDLE_IDENTIFIER = com.lassesilkoset.InstagramFirebase;
				PRODUCT_NAME = "$(TARGET_NAME)";
				SWIFT_VERSION = 4.0;
				TARGETED_DEVICE_FAMILY = "1,2";
			};
			name = Release;
		};
/* End XCBuildConfiguration section */

/* Begin XCConfigurationList section */
		C47B7664210B10BF003DEDC6 /* Build configuration list for PBXProject "InstagramFirebase" */ = {
			isa = XCConfigurationList;
			buildConfigurations = (
				C47B7679210B10BF003DEDC6 /* Debug */,
				C47B767A210B10BF003DEDC6 /* Release */,
			);
			defaultConfigurationIsVisible = 0;
			defaultConfigurationName = Release;
		};
		C47B767B210B10BF003DEDC6 /* Build configuration list for PBXNativeTarget "InstagramFirebase" */ = {
			isa = XCConfigurationList;
			buildConfigurations = (
				C47B767C210B10BF003DEDC6 /* Debug */,
				C47B767D210B10BF003DEDC6 /* Release */,
			);
			defaultConfigurationIsVisible = 0;
			defaultConfigurationName = Release;
		};
/* End XCConfigurationList section */
	};
	rootObject = C47B7661210B10BF003DEDC6 /* Project object */;
}
